
Microsoft Visual Studio Solution File, Format Version 12.00
# Visual Studio Version 16
VisualStudioVersion = 16.0.30804.86
MinimumVisualStudioVersion = 10.0.40219.1
Project("{FAE04EC0-301F-11D3-BF4B-00C04F79EFBC}") = "MessiVita", "Zyzz\MessiVita.csproj", "{E08C57F0-3F7C-42C4-9BF2-831EE50D4CDA}"
EndProject
Global
	GlobalSection(SolutionConfigurationPlatforms) = preSolution
		Debug|Any CPU = Debug|Any CPU
		Release|Any CPU = Release|Any CPU
	EndGlobalSection
	GlobalSection(ProjectConfigurationPlatforms) = postSolution
		{E08C57F0-3F7C-42C4-9BF2-831EE50D4CDA}.Debug|Any CPU.ActiveCfg = Debug|Any CPU
		{E08C57F0-3F7C-42C4-9BF2-831EE50D4CDA}.Debug|Any CPU.Build.0 = Debug|Any CPU
		{E08C57F0-3F7C-42C4-9BF2-831EE50D4CDA}.Release|Any CPU.ActiveCfg = Release|Any CPU
		{E08C57F0-3F7C-42C4-9BF2-831EE50D4CDA}.Release|Any CPU.Build.0 = Release|Any CPU
	EndGlobalSection
	GlobalSection(SolutionProperties) = preSolution
		HideSolutionNode = FALSE
	EndGlobalSection
	GlobalSection(ExtensibilityGlobals) = postSolution
		SolutionGuid = {31AD5F6F-D886-4670-B4C8-883A9985D2D4}
	EndGlobalSection
EndGlobal
